
Microsoft Visual Studio Solution File, Format Version 12.00
# Visual Studio 14
VisualStudioVersion = 14.0.25420.1
MinimumVisualStudioVersion = 10.0.40219.1
Project("{2150E333-8FDC-42A3-9474-1A3956D46DE8}") = "00 - Generator", "00 - Generator", "{904979CF-C51D-4FAB-B459-4F2A4F603491}"
EndProject
Project("{2150E333-8FDC-42A3-9474-1A3956D46DE8}") = "01 - Data", "01 - Data", "{235E8131-4CDC-45B0-958A-CFA4CFB9B9F8}"
EndProject
Project("{2150E333-8FDC-42A3-9474-1A3956D46DE8}") = "02 - Domain", "02 - Domain", "{C4D16188-6DFA-440E-A730-C6AF7A379642}"
EndProject
Project("{2150E333-8FDC-42A3-9474-1A3956D46DE8}") = "03 - Presentation", "03 - Presentation", "{A2D22D6B-AFC7-4061-AEC0-322843718B51}"
EndProject
Project("{FAE04EC0-301F-11D3-BF4B-00C04F79EFBC}") = "Metrocare.Common", "Metrocare.Common\Metrocare.Common.csproj", "{9ECE2DAF-1A1F-4B46-85FB-0824451493DB}"
EndProject
Project("{FAE04EC0-301F-11D3-BF4B-00C04F79EFBC}") = "Metrocare.Generator", "Metrocare.Generator\Metrocare.Generator.csproj", "{646CEE3E-30D7-4F65-A78F-73AC82E89805}"
EndProject
Project("{FAE04EC0-301F-11D3-BF4B-00C04F79EFBC}") = "Metrocare.WebUI", "Metrocare.WebUI\Metrocare.WebUI.csproj", "{833E6498-134E-4EF9-A5CE-349DB78F09D1}"
EndProject
Project("{FAE04EC0-301F-11D3-BF4B-00C04F79EFBC}") = "Metrocare.Domain", "Metrocare.Domain\Metrocare.Domain.csproj", "{1D1A175A-CAD2-4800-8305-C4187F7EF4C5}"
EndProject
Project("{FAE04EC0-301F-11D3-BF4B-00C04F79EFBC}") = "Metrocare.Data", "Metrocare.Data\Metrocare.Data.csproj", "{E4FC39C7-53FD-4B3C-BBC4-AC65BB852564}"
	ProjectSection(ProjectDependencies) = postProject
		{9ECE2DAF-1A1F-4B46-85FB-0824451493DB} = {9ECE2DAF-1A1F-4B46-85FB-0824451493DB}
	EndProjectSection
EndProject
Global
	GlobalSection(SolutionConfigurationPlatforms) = preSolution
		Debug|Any CPU = Debug|Any CPU
		Release|Any CPU = Release|Any CPU
	EndGlobalSection
	GlobalSection(ProjectConfigurationPlatforms) = postSolution
		{9ECE2DAF-1A1F-4B46-85FB-0824451493DB}.Debug|Any CPU.ActiveCfg = Debug|Any CPU
		{9ECE2DAF-1A1F-4B46-85FB-0824451493DB}.Debug|Any CPU.Build.0 = Debug|Any CPU
		{9ECE2DAF-1A1F-4B46-85FB-0824451493DB}.Release|Any CPU.ActiveCfg = Release|Any CPU
		{9ECE2DAF-1A1F-4B46-85FB-0824451493DB}.Release|Any CPU.Build.0 = Release|Any CPU
		{646CEE3E-30D7-4F65-A78F-73AC82E89805}.Debug|Any CPU.ActiveCfg = Debug|Any CPU
		{646CEE3E-30D7-4F65-A78F-73AC82E89805}.Debug|Any CPU.Build.0 = Debug|Any CPU
		{646CEE3E-30D7-4F65-A78F-73AC82E89805}.Release|Any CPU.ActiveCfg = Release|Any CPU
		{646CEE3E-30D7-4F65-A78F-73AC82E89805}.Release|Any CPU.Build.0 = Release|Any CPU
		{833E6498-134E-4EF9-A5CE-349DB78F09D1}.Debug|Any CPU.ActiveCfg = Debug|Any CPU
		{833E6498-134E-4EF9-A5CE-349DB78F09D1}.Debug|Any CPU.Build.0 = Debug|Any CPU
		{833E6498-134E-4EF9-A5CE-349DB78F09D1}.Release|Any CPU.ActiveCfg = Release|Any CPU
		{833E6498-134E-4EF9-A5CE-349DB78F09D1}.Release|Any CPU.Build.0 = Release|Any CPU
		{1D1A175A-CAD2-4800-8305-C4187F7EF4C5}.Debug|Any CPU.ActiveCfg = Debug|Any CPU
		{1D1A175A-CAD2-4800-8305-C4187F7EF4C5}.Debug|Any CPU.Build.0 = Debug|Any CPU
		{1D1A175A-CAD2-4800-8305-C4187F7EF4C5}.Release|Any CPU.ActiveCfg = Release|Any CPU
		{1D1A175A-CAD2-4800-8305-C4187F7EF4C5}.Release|Any CPU.Build.0 = Release|Any CPU
		{E4FC39C7-53FD-4B3C-BBC4-AC65BB852564}.Debug|Any CPU.ActiveCfg = Debug|Any CPU
		{E4FC39C7-53FD-4B3C-BBC4-AC65BB852564}.Debug|Any CPU.Build.0 = Debug|Any CPU
		{E4FC39C7-53FD-4B3C-BBC4-AC65BB852564}.Release|Any CPU.ActiveCfg = Release|Any CPU
		{E4FC39C7-53FD-4B3C-BBC4-AC65BB852564}.Release|Any CPU.Build.0 = Release|Any CPU
	EndGlobalSection
	GlobalSection(SolutionProperties) = preSolution
		HideSolutionNode = FALSE
	EndGlobalSection
	GlobalSection(NestedProjects) = preSolution
		{9ECE2DAF-1A1F-4B46-85FB-0824451493DB} = {235E8131-4CDC-45B0-958A-CFA4CFB9B9F8}
		{646CEE3E-30D7-4F65-A78F-73AC82E89805} = {904979CF-C51D-4FAB-B459-4F2A4F603491}
		{833E6498-134E-4EF9-A5CE-349DB78F09D1} = {A2D22D6B-AFC7-4061-AEC0-322843718B51}
		{1D1A175A-CAD2-4800-8305-C4187F7EF4C5} = {C4D16188-6DFA-440E-A730-C6AF7A379642}
		{E4FC39C7-53FD-4B3C-BBC4-AC65BB852564} = {235E8131-4CDC-45B0-958A-CFA4CFB9B9F8}
	EndGlobalSection
EndGlobal
